
Microsoft Visual Studio Solution File, Format Version 12.00
# Visual Studio Version 17
VisualStudioVersion = 17.8.34330.188
MinimumVisualStudioVersion = 10.0.40219.1
Project("{FAE04EC0-301F-11D3-BF4B-00C04F79EFBC}") = "MauiApp6", "MauiApp6.csproj", "{F02A632C-AB4B-4C79-8A0F-DB6F3E53A721}"
EndProject
Global
	GlobalSection(SolutionConfigurationPlatforms) = preSolution
		Debug|Any CPU = Debug|Any CPU
		Release|Any CPU = Release|Any CPU
	EndGlobalSection
	GlobalSection(ProjectConfigurationPlatforms) = postSolution
		{F02A632C-AB4B-4C79-8A0F-DB6F3E53A721}.Debug|Any CPU.ActiveCfg = Debug|Any CPU
		{F02A632C-AB4B-4C79-8A0F-DB6F3E53A721}.Debug|Any CPU.Build.0 = Debug|Any CPU
		{F02A632C-AB4B-4C79-8A0F-DB6F3E53A721}.Debug|Any CPU.Deploy.0 = Debug|Any CPU
		{F02A632C-AB4B-4C79-8A0F-DB6F3E53A721}.Release|Any CPU.ActiveCfg = Release|Any CPU
		{F02A632C-AB4B-4C79-8A0F-DB6F3E53A721}.Release|Any CPU.Build.0 = Release|Any CPU
		{F02A632C-AB4B-4C79-8A0F-DB6F3E53A721}.Release|Any CPU.Deploy.0 = Release|Any CPU
	EndGlobalSection
	GlobalSection(SolutionProperties) = preSolution
		HideSolutionNode = FALSE
	EndGlobalSection
	GlobalSection(ExtensibilityGlobals) = postSolution
		SolutionGuid = {9DE2517F-FF4D-464F-B145-0C38787E6448}
	EndGlobalSection
EndGlobal
